// !$*UTF8*$!
{
	archiveVersion = 1;
	classes = {
	};
	objectVersion = 56;
	objects = {

/* Begin PBXBuildFile section */
		2AFB9D3F2B0E8B4100E5E7AB /* GoogleService-Info.plist in Resources */ = {isa = PBXBuildFile; fileRef = 2AFB9D3E2B0E8B4100E5E7AB /* GoogleService-Info.plist */; };
		2AFB9D422B0E8BDC00E5E7AB /* FirebaseAuth in Frameworks */ = {isa = PBXBuildFile; productRef = 2AFB9D412B0E8BDC00E5E7AB /* FirebaseAuth */; };
		2AFB9D442B0E8BDC00E5E7AB /* FirebaseAuthCombine-Community in Frameworks */ = {isa = PBXBuildFile; productRef = 2AFB9D432B0E8BDC00E5E7AB /* FirebaseAuthCombine-Community */; };
		2AFB9D462B0E8BDC00E5E7AB /* FirebaseFirestore in Frameworks */ = {isa = PBXBuildFile; productRef = 2AFB9D452B0E8BDC00E5E7AB /* FirebaseFirestore */; };
		2AFB9D482B0E8BDC00E5E7AB /* FirebaseFirestoreCombine-Community in Frameworks */ = {isa = PBXBuildFile; productRef = 2AFB9D472B0E8BDC00E5E7AB /* FirebaseFirestoreCombine-Community */; };
		2AFB9D4A2B0E8BDC00E5E7AB /* FirebaseFirestoreSwift in Frameworks */ = {isa = PBXBuildFile; productRef = 2AFB9D492B0E8BDC00E5E7AB /* FirebaseFirestoreSwift */; };
		2AFB9D4C2B0E8BDC00E5E7AB /* FirebaseStorage in Frameworks */ = {isa = PBXBuildFile; productRef = 2AFB9D4B2B0E8BDC00E5E7AB /* FirebaseStorage */; };
		2AFB9D4E2B0E8BDC00E5E7AB /* FirebaseStorageCombine-Community in Frameworks */ = {isa = PBXBuildFile; productRef = 2AFB9D4D2B0E8BDC00E5E7AB /* FirebaseStorageCombine-Community */; };
		2AFB9D522B0EB3FA00E5E7AB /* ProgressSpinnerViewController.swift in Sources */ = {isa = PBXBuildFile; fileRef = 2AFB9D502B0EB3F900E5E7AB /* ProgressSpinnerViewController.swift */; };
		2AFB9D532B0EB3FA00E5E7AB /* ProgressSpinnerDelegate.swift in Sources */ = {isa = PBXBuildFile; fileRef = 2AFB9D512B0EB3F900E5E7AB /* ProgressSpinnerDelegate.swift */; };
		2AFB9D572B0EB5A300E5E7AB /* GlobalProgressSpinner.swift in Sources */ = {isa = PBXBuildFile; fileRef = 2AFB9D562B0EB5A300E5E7AB /* GlobalProgressSpinner.swift */; };
		2AFB9D5B2B0ED09400E5E7AB /* SignUpFirebaseManager.swift in Sources */ = {isa = PBXBuildFile; fileRef = 2AFB9D5A2B0ED09400E5E7AB /* SignUpFirebaseManager.swift */; };
		2AFB9D5F2B0FC47700E5E7AB /* GlobalAlert.swift in Sources */ = {isa = PBXBuildFile; fileRef = 2AFB9D5E2B0FC47700E5E7AB /* GlobalAlert.swift */; };
		2AFB9D662B0FC62D00E5E7AB /* ProductTableViewCell.swift in Sources */ = {isa = PBXBuildFile; fileRef = 2AFB9D632B0FC62B00E5E7AB /* ProductTableViewCell.swift */; };
		2AFB9D672B0FC62D00E5E7AB /* MainScreenView.swift in Sources */ = {isa = PBXBuildFile; fileRef = 2AFB9D642B0FC62C00E5E7AB /* MainScreenView.swift */; };
		2AFB9D682B0FC62D00E5E7AB /* MainViewController.swift in Sources */ = {isa = PBXBuildFile; fileRef = 2AFB9D652B0FC62D00E5E7AB /* MainViewController.swift */; };
		2AFB9D6A2B0FD2E700E5E7AB /* SignUpPickerViewManager.swift in Sources */ = {isa = PBXBuildFile; fileRef = 2AFB9D692B0FD2E600E5E7AB /* SignUpPickerViewManager.swift */; };
		2AFB9D6D2B0FD40600E5E7AB /* SchoolList.swift in Sources */ = {isa = PBXBuildFile; fileRef = 2AFB9D6C2B0FD40600E5E7AB /* SchoolList.swift */; };
		3E6F4AE12B0FE05B000A0160 /* SignUpPhotoManager.swift in Sources */ = {isa = PBXBuildFile; fileRef = 3E6F4AE02B0FE05B000A0160 /* SignUpPhotoManager.swift */; };
		9F0994A92B0D9F0000FE2848 /* AppDelegate.swift in Sources */ = {isa = PBXBuildFile; fileRef = 9F0994A82B0D9F0000FE2848 /* AppDelegate.swift */; };
		9F0994AB2B0D9F0000FE2848 /* SceneDelegate.swift in Sources */ = {isa = PBXBuildFile; fileRef = 9F0994AA2B0D9F0000FE2848 /* SceneDelegate.swift */; };
		9F0994AD2B0D9F0000FE2848 /* LogInViewController.swift in Sources */ = {isa = PBXBuildFile; fileRef = 9F0994AC2B0D9F0000FE2848 /* LogInViewController.swift */; };
		9F0994B22B0D9F0100FE2848 /* Assets.xcassets in Resources */ = {isa = PBXBuildFile; fileRef = 9F0994B12B0D9F0100FE2848 /* Assets.xcassets */; };
		9F0994B52B0D9F0100FE2848 /* LaunchScreen.storyboard in Resources */ = {isa = PBXBuildFile; fileRef = 9F0994B32B0D9F0100FE2848 /* LaunchScreen.storyboard */; };
		9F0994C02B0D9F0200FE2848 /* final_pjTests.swift in Sources */ = {isa = PBXBuildFile; fileRef = 9F0994BF2B0D9F0200FE2848 /* final_pjTests.swift */; };
		9F0994CA2B0D9F0200FE2848 /* final_pjUITests.swift in Sources */ = {isa = PBXBuildFile; fileRef = 9F0994C92B0D9F0200FE2848 /* final_pjUITests.swift */; };
		9F0994CC2B0D9F0200FE2848 /* final_pjUITestsLaunchTests.swift in Sources */ = {isa = PBXBuildFile; fileRef = 9F0994CB2B0D9F0200FE2848 /* final_pjUITestsLaunchTests.swift */; };
		9F0994DA2B0D9F5200FE2848 /* LoginScreenView.swift in Sources */ = {isa = PBXBuildFile; fileRef = 9F0994D92B0D9F5200FE2848 /* LoginScreenView.swift */; };
		9F0994DD2B0DD49500FE2848 /* SignUpScreenView.swift in Sources */ = {isa = PBXBuildFile; fileRef = 9F0994DC2B0DD49500FE2848 /* SignUpScreenView.swift */; };
		9F0994DF2B0DD4AC00FE2848 /* SignUpScreenViewController.swift in Sources */ = {isa = PBXBuildFile; fileRef = 9F0994DE2B0DD4AC00FE2848 /* SignUpScreenViewController.swift */; };
		9F0995102B0DF52100FE2848 /* Main.storyboard in Resources */ = {isa = PBXBuildFile; fileRef = 9F09950E2B0DF52100FE2848 /* Main.storyboard */; };
		9F78E1752B172F1700951A95 /* MainScreenPickerViewManager.swift in Sources */ = {isa = PBXBuildFile; fileRef = 9F78E1742B172F1700951A95 /* MainScreenPickerViewManager.swift */; };
		9F78E17A2B17C82A00951A95 /* MainScreenController.swift in Sources */ = {isa = PBXBuildFile; fileRef = 9F78E1792B17C82A00951A95 /* MainScreenController.swift */; };
		9F78E17E2B17CAE100951A95 /* MyProfileView.swift in Sources */ = {isa = PBXBuildFile; fileRef = 9F78E17D2B17CAE100951A95 /* MyProfileView.swift */; };
		9F78E1802B17CAF200951A95 /* CreateProductView.swift in Sources */ = {isa = PBXBuildFile; fileRef = 9F78E17F2B17CAF200951A95 /* CreateProductView.swift */; };
		9F78E1822B17CB0600951A95 /* MyProfileViewController.swift in Sources */ = {isa = PBXBuildFile; fileRef = 9F78E1812B17CB0600951A95 /* MyProfileViewController.swift */; };
		9F78E1842B17CB2B00951A95 /* CreateProductViewController.swift in Sources */ = {isa = PBXBuildFile; fileRef = 9F78E1832B17CB2B00951A95 /* CreateProductViewController.swift */; };
		9F78E1892B193DC900951A95 /* EditProfileView.swift in Sources */ = {isa = PBXBuildFile; fileRef = 9F78E1882B193DC900951A95 /* EditProfileView.swift */; };
		9F78E18B2B193DDB00951A95 /* EditProfileViewController.swift in Sources */ = {isa = PBXBuildFile; fileRef = 9F78E18A2B193DDB00951A95 /* EditProfileViewController.swift */; };
		9F78E18E2B195AAE00951A95 /* ShowProfileView.swift in Sources */ = {isa = PBXBuildFile; fileRef = 9F78E18D2B195AAE00951A95 /* ShowProfileView.swift */; };
		9F78E1902B195ABD00951A95 /* ShowProfileViewController.swift in Sources */ = {isa = PBXBuildFile; fileRef = 9F78E18F2B195ABD00951A95 /* ShowProfileViewController.swift */; };
		9F78E1922B19966400951A95 /* ProductDetailView.swift in Sources */ = {isa = PBXBuildFile; fileRef = 9F78E1912B19966400951A95 /* ProductDetailView.swift */; };
		9F78E1942B19969200951A95 /* ProductDetailViewController.swift in Sources */ = {isa = PBXBuildFile; fileRef = 9F78E1932B19969200951A95 /* ProductDetailViewController.swift */; };
/* End PBXBuildFile section */

/* Begin PBXContainerItemProxy section */
		9F0994BC2B0D9F0200FE2848 /* PBXContainerItemProxy */ = {
			isa = PBXContainerItemProxy;
			containerPortal = 9F09949D2B0D9F0000FE2848 /* Project object */;
			proxyType = 1;
			remoteGlobalIDString = 9F0994A42B0D9F0000FE2848;
			remoteInfo = "final pj";
		};
		9F0994C62B0D9F0200FE2848 /* PBXContainerItemProxy */ = {
			isa = PBXContainerItemProxy;
			containerPortal = 9F09949D2B0D9F0000FE2848 /* Project object */;
			proxyType = 1;
			remoteGlobalIDString = 9F0994A42B0D9F0000FE2848;
			remoteInfo = "final pj";
		};
/* End PBXContainerItemProxy section */

/* Begin PBXFileReference section */
		2AFB9D3E2B0E8B4100E5E7AB /* GoogleService-Info.plist */ = {isa = PBXFileReference; fileEncoding = 4; lastKnownFileType = text.plist.xml; path = "GoogleService-Info.plist"; sourceTree = "<group>"; };
		2AFB9D502B0EB3F900E5E7AB /* ProgressSpinnerViewController.swift */ = {isa = PBXFileReference; fileEncoding = 4; lastKnownFileType = sourcecode.swift; path = ProgressSpinnerViewController.swift; sourceTree = "<group>"; };
		2AFB9D512B0EB3F900E5E7AB /* ProgressSpinnerDelegate.swift */ = {isa = PBXFileReference; fileEncoding = 4; lastKnownFileType = sourcecode.swift; path = ProgressSpinnerDelegate.swift; sourceTree = "<group>"; };
		2AFB9D562B0EB5A300E5E7AB /* GlobalProgressSpinner.swift */ = {isa = PBXFileReference; lastKnownFileType = sourcecode.swift; path = GlobalProgressSpinner.swift; sourceTree = "<group>"; };
		2AFB9D5A2B0ED09400E5E7AB /* SignUpFirebaseManager.swift */ = {isa = PBXFileReference; fileEncoding = 4; lastKnownFileType = sourcecode.swift; path = SignUpFirebaseManager.swift; sourceTree = "<group>"; };
		2AFB9D5E2B0FC47700E5E7AB /* GlobalAlert.swift */ = {isa = PBXFileReference; lastKnownFileType = sourcecode.swift; path = GlobalAlert.swift; sourceTree = "<group>"; };
		2AFB9D632B0FC62B00E5E7AB /* ProductTableViewCell.swift */ = {isa = PBXFileReference; fileEncoding = 4; lastKnownFileType = sourcecode.swift; path = ProductTableViewCell.swift; sourceTree = "<group>"; };
		2AFB9D642B0FC62C00E5E7AB /* MainScreenView.swift */ = {isa = PBXFileReference; fileEncoding = 4; lastKnownFileType = sourcecode.swift; path = MainScreenView.swift; sourceTree = "<group>"; };
		2AFB9D652B0FC62D00E5E7AB /* MainViewController.swift */ = {isa = PBXFileReference; fileEncoding = 4; lastKnownFileType = sourcecode.swift; path = MainViewController.swift; sourceTree = "<group>"; };
		2AFB9D692B0FD2E600E5E7AB /* SignUpPickerViewManager.swift */ = {isa = PBXFileReference; lastKnownFileType = sourcecode.swift; path = SignUpPickerViewManager.swift; sourceTree = "<group>"; };
		2AFB9D6C2B0FD40600E5E7AB /* SchoolList.swift */ = {isa = PBXFileReference; lastKnownFileType = sourcecode.swift; path = SchoolList.swift; sourceTree = "<group>"; };
		3E6F4AE02B0FE05B000A0160 /* SignUpPhotoManager.swift */ = {isa = PBXFileReference; lastKnownFileType = sourcecode.swift; path = SignUpPhotoManager.swift; sourceTree = "<group>"; };
		9F0994A52B0D9F0000FE2848 /* final pj.app */ = {isa = PBXFileReference; explicitFileType = wrapper.application; includeInIndex = 0; path = "final pj.app"; sourceTree = BUILT_PRODUCTS_DIR; };
		9F0994A82B0D9F0000FE2848 /* AppDelegate.swift */ = {isa = PBXFileReference; lastKnownFileType = sourcecode.swift; path = AppDelegate.swift; sourceTree = "<group>"; };
		9F0994AA2B0D9F0000FE2848 /* SceneDelegate.swift */ = {isa = PBXFileReference; lastKnownFileType = sourcecode.swift; path = SceneDelegate.swift; sourceTree = "<group>"; };
		9F0994AC2B0D9F0000FE2848 /* LogInViewController.swift */ = {isa = PBXFileReference; lastKnownFileType = sourcecode.swift; path = LogInViewController.swift; sourceTree = "<group>"; };
		9F0994B12B0D9F0100FE2848 /* Assets.xcassets */ = {isa = PBXFileReference; lastKnownFileType = folder.assetcatalog; path = Assets.xcassets; sourceTree = "<group>"; };
		9F0994B42B0D9F0100FE2848 /* Base */ = {isa = PBXFileReference; lastKnownFileType = file.storyboard; name = Base; path = Base.lproj/LaunchScreen.storyboard; sourceTree = "<group>"; };
		9F0994B62B0D9F0100FE2848 /* Info.plist */ = {isa = PBXFileReference; lastKnownFileType = text.plist.xml; path = Info.plist; sourceTree = "<group>"; };
		9F0994BB2B0D9F0200FE2848 /* final pjTests.xctest */ = {isa = PBXFileReference; explicitFileType = wrapper.cfbundle; includeInIndex = 0; path = "final pjTests.xctest"; sourceTree = BUILT_PRODUCTS_DIR; };
		9F0994BF2B0D9F0200FE2848 /* final_pjTests.swift */ = {isa = PBXFileReference; lastKnownFileType = sourcecode.swift; path = final_pjTests.swift; sourceTree = "<group>"; };
		9F0994C52B0D9F0200FE2848 /* final pjUITests.xctest */ = {isa = PBXFileReference; explicitFileType = wrapper.cfbundle; includeInIndex = 0; path = "final pjUITests.xctest"; sourceTree = BUILT_PRODUCTS_DIR; };
		9F0994C92B0D9F0200FE2848 /* final_pjUITests.swift */ = {isa = PBXFileReference; lastKnownFileType = sourcecode.swift; path = final_pjUITests.swift; sourceTree = "<group>"; };
		9F0994CB2B0D9F0200FE2848 /* final_pjUITestsLaunchTests.swift */ = {isa = PBXFileReference; lastKnownFileType = sourcecode.swift; path = final_pjUITestsLaunchTests.swift; sourceTree = "<group>"; };
		9F0994D92B0D9F5200FE2848 /* LoginScreenView.swift */ = {isa = PBXFileReference; lastKnownFileType = sourcecode.swift; path = LoginScreenView.swift; sourceTree = "<group>"; };
		9F0994DC2B0DD49500FE2848 /* SignUpScreenView.swift */ = {isa = PBXFileReference; lastKnownFileType = sourcecode.swift; path = SignUpScreenView.swift; sourceTree = "<group>"; };
		9F0994DE2B0DD4AC00FE2848 /* SignUpScreenViewController.swift */ = {isa = PBXFileReference; lastKnownFileType = sourcecode.swift; path = SignUpScreenViewController.swift; sourceTree = "<group>"; };
		9F09950F2B0DF52100FE2848 /* Base */ = {isa = PBXFileReference; lastKnownFileType = file.storyboard; name = Base; path = Base.lproj/Main.storyboard; sourceTree = "<group>"; };
		9F78E1742B172F1700951A95 /* MainScreenPickerViewManager.swift */ = {isa = PBXFileReference; lastKnownFileType = sourcecode.swift; path = MainScreenPickerViewManager.swift; sourceTree = "<group>"; };
		9F78E1792B17C82A00951A95 /* MainScreenController.swift */ = {isa = PBXFileReference; lastKnownFileType = sourcecode.swift; path = MainScreenController.swift; sourceTree = "<group>"; };
		9F78E17D2B17CAE100951A95 /* MyProfileView.swift */ = {isa = PBXFileReference; lastKnownFileType = sourcecode.swift; path = MyProfileView.swift; sourceTree = "<group>"; };
		9F78E17F2B17CAF200951A95 /* CreateProductView.swift */ = {isa = PBXFileReference; lastKnownFileType = sourcecode.swift; path = CreateProductView.swift; sourceTree = "<group>"; };
		9F78E1812B17CB0600951A95 /* MyProfileViewController.swift */ = {isa = PBXFileReference; lastKnownFileType = sourcecode.swift; path = MyProfileViewController.swift; sourceTree = "<group>"; };
		9F78E1832B17CB2B00951A95 /* CreateProductViewController.swift */ = {isa = PBXFileReference; lastKnownFileType = sourcecode.swift; path = CreateProductViewController.swift; sourceTree = "<group>"; };
		9F78E1882B193DC900951A95 /* EditProfileView.swift */ = {isa = PBXFileReference; lastKnownFileType = sourcecode.swift; path = EditProfileView.swift; sourceTree = "<group>"; };
		9F78E18A2B193DDB00951A95 /* EditProfileViewController.swift */ = {isa = PBXFileReference; lastKnownFileType = sourcecode.swift; path = EditProfileViewController.swift; sourceTree = "<group>"; };
		9F78E18D2B195AAE00951A95 /* ShowProfileView.swift */ = {isa = PBXFileReference; lastKnownFileType = sourcecode.swift; path = ShowProfileView.swift; sourceTree = "<group>"; };
		9F78E18F2B195ABD00951A95 /* ShowProfileViewController.swift */ = {isa = PBXFileReference; lastKnownFileType = sourcecode.swift; path = ShowProfileViewController.swift; sourceTree = "<group>"; };
		9F78E1912B19966400951A95 /* ProductDetailView.swift */ = {isa = PBXFileReference; lastKnownFileType = sourcecode.swift; path = ProductDetailView.swift; sourceTree = "<group>"; };
		9F78E1932B19969200951A95 /* ProductDetailViewController.swift */ = {isa = PBXFileReference; lastKnownFileType = sourcecode.swift; path = ProductDetailViewController.swift; sourceTree = "<group>"; };
/* End PBXFileReference section */

/* Begin PBXFrameworksBuildPhase section */
		9F0994A22B0D9F0000FE2848 /* Frameworks */ = {
			isa = PBXFrameworksBuildPhase;
			buildActionMask = 2147483647;
			files = (
				2AFB9D4A2B0E8BDC00E5E7AB /* FirebaseFirestoreSwift in Frameworks */,
				2AFB9D4E2B0E8BDC00E5E7AB /* FirebaseStorageCombine-Community in Frameworks */,
				2AFB9D422B0E8BDC00E5E7AB /* FirebaseAuth in Frameworks */,
				2AFB9D482B0E8BDC00E5E7AB /* FirebaseFirestoreCombine-Community in Frameworks */,
				2AFB9D442B0E8BDC00E5E7AB /* FirebaseAuthCombine-Community in Frameworks */,
				2AFB9D462B0E8BDC00E5E7AB /* FirebaseFirestore in Frameworks */,
				2AFB9D4C2B0E8BDC00E5E7AB /* FirebaseStorage in Frameworks */,
			);
			runOnlyForDeploymentPostprocessing = 0;
		};
		9F0994B82B0D9F0200FE2848 /* Frameworks */ = {
			isa = PBXFrameworksBuildPhase;
			buildActionMask = 2147483647;
			files = (
			);
			runOnlyForDeploymentPostprocessing = 0;
		};
		9F0994C22B0D9F0200FE2848 /* Frameworks */ = {
			isa = PBXFrameworksBuildPhase;
			buildActionMask = 2147483647;
			files = (
			);
			runOnlyForDeploymentPostprocessing = 0;
		};
/* End PBXFrameworksBuildPhase section */

/* Begin PBXGroup section */
		2AFB9D4F2B0EB3F900E5E7AB /* Progress Indicator */ = {
			isa = PBXGroup;
			children = (
				2AFB9D502B0EB3F900E5E7AB /* ProgressSpinnerViewController.swift */,
				2AFB9D512B0EB3F900E5E7AB /* ProgressSpinnerDelegate.swift */,
				2AFB9D562B0EB5A300E5E7AB /* GlobalProgressSpinner.swift */,
			);
			path = "Progress Indicator";
			sourceTree = "<group>";
		};
		2AFB9D5D2B0FC45500E5E7AB /* Utilities */ = {
			isa = PBXGroup;
			children = (
				2AFB9D4F2B0EB3F900E5E7AB /* Progress Indicator */,
				2AFB9D5E2B0FC47700E5E7AB /* GlobalAlert.swift */,
			);
			path = Utilities;
			sourceTree = "<group>";
		};
		2AFB9D602B0FC5D100E5E7AB /* MainScreen */ = {
			isa = PBXGroup;
			children = (
				9F78E1792B17C82A00951A95 /* MainScreenController.swift */,
				9F78E1782B17C74500951A95 /* MyProfilePage */,
				9F78E1772B17C72700951A95 /* CreateProductPage */,
				9F78E1762B17C6FF00951A95 /* ProductMainPage */,
			);
			path = MainScreen;
			sourceTree = "<group>";
		};
		2AFB9D6B2B0FD3EF00E5E7AB /* Data Models */ = {
			isa = PBXGroup;
			children = (
				2AFB9D6C2B0FD40600E5E7AB /* SchoolList.swift */,
			);
			path = "Data Models";
			sourceTree = "<group>";
		};
		9F09949C2B0D9F0000FE2848 = {
			isa = PBXGroup;
			children = (
				2AFB9D3E2B0E8B4100E5E7AB /* GoogleService-Info.plist */,
				2AFB9D6B2B0FD3EF00E5E7AB /* Data Models */,
				2AFB9D5D2B0FC45500E5E7AB /* Utilities */,
				2AFB9D602B0FC5D100E5E7AB /* MainScreen */,
				9F78E1872B17E21100951A95 /* MyPostScreen */,
				9F78E1862B17E1FF00951A95 /* EditProfileScreen */,
				9F78E1852B17E1AB00951A95 /* ProductDetailScreen */,
				9F0994DB2B0DA29A00FE2848 /* SignUpScreen */,
				9F0994D82B0D9F1400FE2848 /* LoginScreen */,
				9F0994A72B0D9F0000FE2848 /* final pj */,
				9F0994BE2B0D9F0200FE2848 /* final pjTests */,
				9F0994C82B0D9F0200FE2848 /* final pjUITests */,
				9F0994A62B0D9F0000FE2848 /* Products */,
			);
			sourceTree = "<group>";
		};
		9F0994A62B0D9F0000FE2848 /* Products */ = {
			isa = PBXGroup;
			children = (
				9F0994A52B0D9F0000FE2848 /* final pj.app */,
				9F0994BB2B0D9F0200FE2848 /* final pjTests.xctest */,
				9F0994C52B0D9F0200FE2848 /* final pjUITests.xctest */,
			);
			name = Products;
			sourceTree = "<group>";
		};
		9F0994A72B0D9F0000FE2848 /* final pj */ = {
			isa = PBXGroup;
			children = (
				9F0994AA2B0D9F0000FE2848 /* SceneDelegate.swift */,
				9F0994A82B0D9F0000FE2848 /* AppDelegate.swift */,
				9F0994B12B0D9F0100FE2848 /* Assets.xcassets */,
				9F0994B32B0D9F0100FE2848 /* LaunchScreen.storyboard */,
				9F09950E2B0DF52100FE2848 /* Main.storyboard */,
				9F0994B62B0D9F0100FE2848 /* Info.plist */,
			);
			path = "final pj";
			sourceTree = "<group>";
		};
		9F0994BE2B0D9F0200FE2848 /* final pjTests */ = {
			isa = PBXGroup;
			children = (
				9F0994BF2B0D9F0200FE2848 /* final_pjTests.swift */,
			);
			path = "final pjTests";
			sourceTree = "<group>";
		};
		9F0994C82B0D9F0200FE2848 /* final pjUITests */ = {
			isa = PBXGroup;
			children = (
				9F0994C92B0D9F0200FE2848 /* final_pjUITests.swift */,
				9F0994CB2B0D9F0200FE2848 /* final_pjUITestsLaunchTests.swift */,
			);
			path = "final pjUITests";
			sourceTree = "<group>";
		};
		9F0994D82B0D9F1400FE2848 /* LoginScreen */ = {
			isa = PBXGroup;
			children = (
				9F0994AC2B0D9F0000FE2848 /* LogInViewController.swift */,
				9F0994D92B0D9F5200FE2848 /* LoginScreenView.swift */,
			);
			path = LoginScreen;
			sourceTree = "<group>";
		};
		9F0994DB2B0DA29A00FE2848 /* SignUpScreen */ = {
			isa = PBXGroup;
			children = (
				2AFB9D5A2B0ED09400E5E7AB /* SignUpFirebaseManager.swift */,
				9F0994DC2B0DD49500FE2848 /* SignUpScreenView.swift */,
				9F0994DE2B0DD4AC00FE2848 /* SignUpScreenViewController.swift */,
				2AFB9D692B0FD2E600E5E7AB /* SignUpPickerViewManager.swift */,
				3E6F4AE02B0FE05B000A0160 /* SignUpPhotoManager.swift */,
			);
			path = SignUpScreen;
			sourceTree = "<group>";
		};
		9F78E1762B17C6FF00951A95 /* ProductMainPage */ = {
			isa = PBXGroup;
			children = (
				2AFB9D632B0FC62B00E5E7AB /* ProductTableViewCell.swift */,
				2AFB9D642B0FC62C00E5E7AB /* MainScreenView.swift */,
				2AFB9D652B0FC62D00E5E7AB /* MainViewController.swift */,
				9F78E1742B172F1700951A95 /* MainScreenPickerViewManager.swift */,
			);
			path = ProductMainPage;
			sourceTree = "<group>";
		};
		9F78E1772B17C72700951A95 /* CreateProductPage */ = {
			isa = PBXGroup;
			children = (
				9F78E17F2B17CAF200951A95 /* CreateProductView.swift */,
				9F78E1832B17CB2B00951A95 /* CreateProductViewController.swift */,
			);
			path = CreateProductPage;
			sourceTree = "<group>";
		};
		9F78E1782B17C74500951A95 /* MyProfilePage */ = {
			isa = PBXGroup;
			children = (
				9F78E1812B17CB0600951A95 /* MyProfileViewController.swift */,
				9F78E17D2B17CAE100951A95 /* MyProfileView.swift */,
				9F78E18C2B195A8600951A95 /* ShowProfileScreen */,
			);
			path = MyProfilePage;
			sourceTree = "<group>";
		};
		9F78E1852B17E1AB00951A95 /* ProductDetailScreen */ = {
			isa = PBXGroup;
			children = (
				9F78E1912B19966400951A95 /* ProductDetailView.swift */,
				9F78E1932B19969200951A95 /* ProductDetailViewController.swift */,
			);
			path = ProductDetailScreen;
			sourceTree = "<group>";
		};
		9F78E1862B17E1FF00951A95 /* EditProfileScreen */ = {
			isa = PBXGroup;
			children = (
				9F78E1882B193DC900951A95 /* EditProfileView.swift */,
				9F78E18A2B193DDB00951A95 /* EditProfileViewController.swift */,
			);
			path = EditProfileScreen;
			sourceTree = "<group>";
		};
		9F78E1872B17E21100951A95 /* MyPostScreen */ = {
			isa = PBXGroup;
			children = (
			);
			path = MyPostScreen;
			sourceTree = "<group>";
		};
		9F78E18C2B195A8600951A95 /* ShowProfileScreen */ = {
			isa = PBXGroup;
			children = (
				9F78E18D2B195AAE00951A95 /* ShowProfileView.swift */,
				9F78E18F2B195ABD00951A95 /* ShowProfileViewController.swift */,
			);
			path = ShowProfileScreen;
			sourceTree = "<group>";
		};
/* End PBXGroup section */

/* Begin PBXNativeTarget section */
		9F0994A42B0D9F0000FE2848 /* final pj */ = {
			isa = PBXNativeTarget;
			buildConfigurationList = 9F0994CF2B0D9F0200FE2848 /* Build configuration list for PBXNativeTarget "final pj" */;
			buildPhases = (
				9F0994A12B0D9F0000FE2848 /* Sources */,
				9F0994A22B0D9F0000FE2848 /* Frameworks */,
				9F0994A32B0D9F0000FE2848 /* Resources */,
			);
			buildRules = (
			);
			dependencies = (
			);
			name = "final pj";
			packageProductDependencies = (
				2AFB9D412B0E8BDC00E5E7AB /* FirebaseAuth */,
				2AFB9D432B0E8BDC00E5E7AB /* FirebaseAuthCombine-Community */,
				2AFB9D452B0E8BDC00E5E7AB /* FirebaseFirestore */,
				2AFB9D472B0E8BDC00E5E7AB /* FirebaseFirestoreCombine-Community */,
				2AFB9D492B0E8BDC00E5E7AB /* FirebaseFirestoreSwift */,
				2AFB9D4B2B0E8BDC00E5E7AB /* FirebaseStorage */,
				2AFB9D4D2B0E8BDC00E5E7AB /* FirebaseStorageCombine-Community */,
			);
			productName = "final pj";
			productReference = 9F0994A52B0D9F0000FE2848 /* final pj.app */;
			productType = "com.apple.product-type.application";
		};
		9F0994BA2B0D9F0200FE2848 /* final pjTests */ = {
			isa = PBXNativeTarget;
			buildConfigurationList = 9F0994D22B0D9F0200FE2848 /* Build configuration list for PBXNativeTarget "final pjTests" */;
			buildPhases = (
				9F0994B72B0D9F0200FE2848 /* Sources */,
				9F0994B82B0D9F0200FE2848 /* Frameworks */,
				9F0994B92B0D9F0200FE2848 /* Resources */,
			);
			buildRules = (
			);
			dependencies = (
				9F0994BD2B0D9F0200FE2848 /* PBXTargetDependency */,
			);
			name = "final pjTests";
			productName = "final pjTests";
			productReference = 9F0994BB2B0D9F0200FE2848 /* final pjTests.xctest */;
			productType = "com.apple.product-type.bundle.unit-test";
		};
		9F0994C42B0D9F0200FE2848 /* final pjUITests */ = {
			isa = PBXNativeTarget;
			buildConfigurationList = 9F0994D52B0D9F0200FE2848 /* Build configuration list for PBXNativeTarget "final pjUITests" */;
			buildPhases = (
				9F0994C12B0D9F0200FE2848 /* Sources */,
				9F0994C22B0D9F0200FE2848 /* Frameworks */,
				9F0994C32B0D9F0200FE2848 /* Resources */,
			);
			buildRules = (
			);
			dependencies = (
				9F0994C72B0D9F0200FE2848 /* PBXTargetDependency */,
			);
			name = "final pjUITests";
			productName = "final pjUITests";
			productReference = 9F0994C52B0D9F0200FE2848 /* final pjUITests.xctest */;
			productType = "com.apple.product-type.bundle.ui-testing";
		};
/* End PBXNativeTarget section */

/* Begin PBXProject section */
		9F09949D2B0D9F0000FE2848 /* Project object */ = {
			isa = PBXProject;
			attributes = {
				BuildIndependentTargetsInParallel = 1;
				LastSwiftUpdateCheck = 1500;
				LastUpgradeCheck = 1500;
				TargetAttributes = {
					9F0994A42B0D9F0000FE2848 = {
						CreatedOnToolsVersion = 15.0;
					};
					9F0994BA2B0D9F0200FE2848 = {
						CreatedOnToolsVersion = 15.0;
						TestTargetID = 9F0994A42B0D9F0000FE2848;
					};
					9F0994C42B0D9F0200FE2848 = {
						CreatedOnToolsVersion = 15.0;
						TestTargetID = 9F0994A42B0D9F0000FE2848;
					};
				};
			};
			buildConfigurationList = 9F0994A02B0D9F0000FE2848 /* Build configuration list for PBXProject "final pj" */;
			compatibilityVersion = "Xcode 14.0";
			developmentRegion = en;
			hasScannedForEncodings = 0;
			knownRegions = (
				en,
				Base,
			);
			mainGroup = 9F09949C2B0D9F0000FE2848;
			packageReferences = (
				2AFB9D402B0E8BDC00E5E7AB /* XCRemoteSwiftPackageReference "firebase-ios-sdk" */,
			);
			productRefGroup = 9F0994A62B0D9F0000FE2848 /* Products */;
			projectDirPath = "";
			projectRoot = "";
			targets = (
				9F0994A42B0D9F0000FE2848 /* final pj */,
				9F0994BA2B0D9F0200FE2848 /* final pjTests */,
				9F0994C42B0D9F0200FE2848 /* final pjUITests */,
			);
		};
/* End PBXProject section */

/* Begin PBXResourcesBuildPhase section */
		9F0994A32B0D9F0000FE2848 /* Resources */ = {
			isa = PBXResourcesBuildPhase;
			buildActionMask = 2147483647;
			files = (
				9F0994B52B0D9F0100FE2848 /* LaunchScreen.storyboard in Resources */,
				2AFB9D3F2B0E8B4100E5E7AB /* GoogleService-Info.plist in Resources */,
				9F0994B22B0D9F0100FE2848 /* Assets.xcassets in Resources */,
				9F0995102B0DF52100FE2848 /* Main.storyboard in Resources */,
			);
			runOnlyForDeploymentPostprocessing = 0;
		};
		9F0994B92B0D9F0200FE2848 /* Resources */ = {
			isa = PBXResourcesBuildPhase;
			buildActionMask = 2147483647;
			files = (
			);
			runOnlyForDeploymentPostprocessing = 0;
		};
		9F0994C32B0D9F0200FE2848 /* Resources */ = {
			isa = PBXResourcesBuildPhase;
			buildActionMask = 2147483647;
			files = (
			);
			runOnlyForDeploymentPostprocessing = 0;
		};
/* End PBXResourcesBuildPhase section */

/* Begin PBXSourcesBuildPhase section */
		9F0994A12B0D9F0000FE2848 /* Sources */ = {
			isa = PBXSourcesBuildPhase;
			buildActionMask = 2147483647;
			files = (
				9F78E17E2B17CAE100951A95 /* MyProfileView.swift in Sources */,
				9F78E1802B17CAF200951A95 /* CreateProductView.swift in Sources */,
				9F0994DA2B0D9F5200FE2848 /* LoginScreenView.swift in Sources */,
				9F0994AD2B0D9F0000FE2848 /* LogInViewController.swift in Sources */,
				9F78E1822B17CB0600951A95 /* MyProfileViewController.swift in Sources */,
				9F78E1842B17CB2B00951A95 /* CreateProductViewController.swift in Sources */,
				2AFB9D572B0EB5A300E5E7AB /* GlobalProgressSpinner.swift in Sources */,
				2AFB9D6D2B0FD40600E5E7AB /* SchoolList.swift in Sources */,
				9F0994A92B0D9F0000FE2848 /* AppDelegate.swift in Sources */,
				9F78E1752B172F1700951A95 /* MainScreenPickerViewManager.swift in Sources */,
				2AFB9D662B0FC62D00E5E7AB /* ProductTableViewCell.swift in Sources */,
				9F78E18E2B195AAE00951A95 /* ShowProfileView.swift in Sources */,
				9F0994DD2B0DD49500FE2848 /* SignUpScreenView.swift in Sources */,
				9F78E1942B19969200951A95 /* ProductDetailViewController.swift in Sources */,
				9F0994DF2B0DD4AC00FE2848 /* SignUpScreenViewController.swift in Sources */,
				2AFB9D6A2B0FD2E700E5E7AB /* SignUpPickerViewManager.swift in Sources */,
				3E6F4AE12B0FE05B000A0160 /* SignUpPhotoManager.swift in Sources */,
				2AFB9D522B0EB3FA00E5E7AB /* ProgressSpinnerViewController.swift in Sources */,
				2AFB9D672B0FC62D00E5E7AB /* MainScreenView.swift in Sources */,
				2AFB9D682B0FC62D00E5E7AB /* MainViewController.swift in Sources */,
				9F78E1892B193DC900951A95 /* EditProfileView.swift in Sources */,
				9F0994AB2B0D9F0000FE2848 /* SceneDelegate.swift in Sources */,
				2AFB9D532B0EB3FA00E5E7AB /* ProgressSpinnerDelegate.swift in Sources */,
				9F78E1902B195ABD00951A95 /* ShowProfileViewController.swift in Sources */,
				9F78E17A2B17C82A00951A95 /* MainScreenController.swift in Sources */,
				9F78E1922B19966400951A95 /* ProductDetailView.swift in Sources */,
				2AFB9D5F2B0FC47700E5E7AB /* GlobalAlert.swift in Sources */,
				9F78E18B2B193DDB00951A95 /* EditProfileViewController.swift in Sources */,
				2AFB9D5B2B0ED09400E5E7AB /* SignUpFirebaseManager.swift in Sources */,
			);
			runOnlyForDeploymentPostprocessing = 0;
		};
		9F0994B72B0D9F0200FE2848 /* Sources */ = {
			isa = PBXSourcesBuildPhase;
			buildActionMask = 2147483647;
			files = (
				9F0994C02B0D9F0200FE2848 /* final_pjTests.swift in Sources */,
			);
			runOnlyForDeploymentPostprocessing = 0;
		};
		9F0994C12B0D9F0200FE2848 /* Sources */ = {
			isa = PBXSourcesBuildPhase;
			buildActionMask = 2147483647;
			files = (
				9F0994CC2B0D9F0200FE2848 /* final_pjUITestsLaunchTests.swift in Sources */,
				9F0994CA2B0D9F0200FE2848 /* final_pjUITests.swift in Sources */,
			);
			runOnlyForDeploymentPostprocessing = 0;
		};
/* End PBXSourcesBuildPhase section */

/* Begin PBXTargetDependency section */
		9F0994BD2B0D9F0200FE2848 /* PBXTargetDependency */ = {
			isa = PBXTargetDependency;
			target = 9F0994A42B0D9F0000FE2848 /* final pj */;
			targetProxy = 9F0994BC2B0D9F0200FE2848 /* PBXContainerItemProxy */;
		};
		9F0994C72B0D9F0200FE2848 /* PBXTargetDependency */ = {
			isa = PBXTargetDependency;
			target = 9F0994A42B0D9F0000FE2848 /* final pj */;
			targetProxy = 9F0994C62B0D9F0200FE2848 /* PBXContainerItemProxy */;
		};
/* End PBXTargetDependency section */

/* Begin PBXVariantGroup section */
		9F0994B32B0D9F0100FE2848 /* LaunchScreen.storyboard */ = {
			isa = PBXVariantGroup;
			children = (
				9F0994B42B0D9F0100FE2848 /* Base */,
			);
			name = LaunchScreen.storyboard;
			sourceTree = "<group>";
		};
		9F09950E2B0DF52100FE2848 /* Main.storyboard */ = {
			isa = PBXVariantGroup;
			children = (
				9F09950F2B0DF52100FE2848 /* Base */,
			);
			name = Main.storyboard;
			sourceTree = "<group>";
		};
/* End PBXVariantGroup section */

/* Begin XCBuildConfiguration section */
		9F0994CD2B0D9F0200FE2848 /* Debug */ = {
			isa = XCBuildConfiguration;
			buildSettings = {
				ALWAYS_SEARCH_USER_PATHS = NO;
				ASSETCATALOG_COMPILER_GENERATE_SWIFT_ASSET_SYMBOL_EXTENSIONS = YES;
				CLANG_ANALYZER_NONNULL = YES;
				CLANG_ANALYZER_NUMBER_OBJECT_CONVERSION = YES_AGGRESSIVE;
				CLANG_CXX_LANGUAGE_STANDARD = "gnu++20";
				CLANG_ENABLE_MODULES = YES;
				CLANG_ENABLE_OBJC_ARC = YES;
				CLANG_ENABLE_OBJC_WEAK = YES;
				CLANG_WARN_BLOCK_CAPTURE_AUTORELEASING = YES;
				CLANG_WARN_BOOL_CONVERSION = YES;
				CLANG_WARN_COMMA = YES;
				CLANG_WARN_CONSTANT_CONVERSION = YES;
				CLANG_WARN_DEPRECATED_OBJC_IMPLEMENTATIONS = YES;
				CLANG_WARN_DIRECT_OBJC_ISA_USAGE = YES_ERROR;
				CLANG_WARN_DOCUMENTATION_COMMENTS = YES;
				CLANG_WARN_EMPTY_BODY = YES;
				CLANG_WARN_ENUM_CONVERSION = YES;
				CLANG_WARN_INFINITE_RECURSION = YES;
				CLANG_WARN_INT_CONVERSION = YES;
				CLANG_WARN_NON_LITERAL_NULL_CONVERSION = YES;
				CLANG_WARN_OBJC_IMPLICIT_RETAIN_SELF = YES;
				CLANG_WARN_OBJC_LITERAL_CONVERSION = YES;
				CLANG_WARN_OBJC_ROOT_CLASS = YES_ERROR;
				CLANG_WARN_QUOTED_INCLUDE_IN_FRAMEWORK_HEADER = YES;
				CLANG_WARN_RANGE_LOOP_ANALYSIS = YES;
				CLANG_WARN_STRICT_PROTOTYPES = YES;
				CLANG_WARN_SUSPICIOUS_MOVE = YES;
				CLANG_WARN_UNGUARDED_AVAILABILITY = YES_AGGRESSIVE;
				CLANG_WARN_UNREACHABLE_CODE = YES;
				CLANG_WARN__DUPLICATE_METHOD_MATCH = YES;
				COPY_PHASE_STRIP = NO;
				DEBUG_INFORMATION_FORMAT = dwarf;
				ENABLE_STRICT_OBJC_MSGSEND = YES;
				ENABLE_TESTABILITY = YES;
				ENABLE_USER_SCRIPT_SANDBOXING = YES;
				GCC_C_LANGUAGE_STANDARD = gnu17;
				GCC_DYNAMIC_NO_PIC = NO;
				GCC_NO_COMMON_BLOCKS = YES;
				GCC_OPTIMIZATION_LEVEL = 0;
				GCC_PREPROCESSOR_DEFINITIONS = (
					"DEBUG=1",
					"$(inherited)",
				);
				GCC_WARN_64_TO_32_BIT_CONVERSION = YES;
				GCC_WARN_ABOUT_RETURN_TYPE = YES_ERROR;
				GCC_WARN_UNDECLARED_SELECTOR = YES;
				GCC_WARN_UNINITIALIZED_AUTOS = YES_AGGRESSIVE;
				GCC_WARN_UNUSED_FUNCTION = YES;
				GCC_WARN_UNUSED_VARIABLE = YES;
				IPHONEOS_DEPLOYMENT_TARGET = 16.4;
				LOCALIZATION_PREFERS_STRING_CATALOGS = YES;
				MTL_ENABLE_DEBUG_INFO = INCLUDE_SOURCE;
				MTL_FAST_MATH = YES;
				ONLY_ACTIVE_ARCH = YES;
				SDKROOT = iphoneos;
				SWIFT_ACTIVE_COMPILATION_CONDITIONS = "DEBUG $(inherited)";
				SWIFT_OPTIMIZATION_LEVEL = "-Onone";
			};
			name = Debug;
		};
		9F0994CE2B0D9F0200FE2848 /* Release */ = {
			isa = XCBuildConfiguration;
			buildSettings = {
				ALWAYS_SEARCH_USER_PATHS = NO;
				ASSETCATALOG_COMPILER_GENERATE_SWIFT_ASSET_SYMBOL_EXTENSIONS = YES;
				CLANG_ANALYZER_NONNULL = YES;
				CLANG_ANALYZER_NUMBER_OBJECT_CONVERSION = YES_AGGRESSIVE;
				CLANG_CXX_LANGUAGE_STANDARD = "gnu++20";
				CLANG_ENABLE_MODULES = YES;
				CLANG_ENABLE_OBJC_ARC = YES;
				CLANG_ENABLE_OBJC_WEAK = YES;
				CLANG_WARN_BLOCK_CAPTURE_AUTORELEASING = YES;
				CLANG_WARN_BOOL_CONVERSION = YES;
				CLANG_WARN_COMMA = YES;
				CLANG_WARN_CONSTANT_CONVERSION = YES;
				CLANG_WARN_DEPRECATED_OBJC_IMPLEMENTATIONS = YES;
				CLANG_WARN_DIRECT_OBJC_ISA_USAGE = YES_ERROR;
				CLANG_WARN_DOCUMENTATION_COMMENTS = YES;
				CLANG_WARN_EMPTY_BODY = YES;
				CLANG_WARN_ENUM_CONVERSION = YES;
				CLANG_WARN_INFINITE_RECURSION = YES;
				CLANG_WARN_INT_CONVERSION = YES;
				CLANG_WARN_NON_LITERAL_NULL_CONVERSION = YES;
				CLANG_WARN_OBJC_IMPLICIT_RETAIN_SELF = YES;
				CLANG_WARN_OBJC_LITERAL_CONVERSION = YES;
				CLANG_WARN_OBJC_ROOT_CLASS = YES_ERROR;
				CLANG_WARN_QUOTED_INCLUDE_IN_FRAMEWORK_HEADER = YES;
				CLANG_WARN_RANGE_LOOP_ANALYSIS = YES;
				CLANG_WARN_STRICT_PROTOTYPES = YES;
				CLANG_WARN_SUSPICIOUS_MOVE = YES;
				CLANG_WARN_UNGUARDED_AVAILABILITY = YES_AGGRESSIVE;
				CLANG_WARN_UNREACHABLE_CODE = YES;
				CLANG_WARN__DUPLICATE_METHOD_MATCH = YES;
				COPY_PHASE_STRIP = NO;
				DEBUG_INFORMATION_FORMAT = "dwarf-with-dsym";
				ENABLE_NS_ASSERTIONS = NO;
				ENABLE_STRICT_OBJC_MSGSEND = YES;
				ENABLE_USER_SCRIPT_SANDBOXING = YES;
				GCC_C_LANGUAGE_STANDARD = gnu17;
				GCC_NO_COMMON_BLOCKS = YES;
				GCC_WARN_64_TO_32_BIT_CONVERSION = YES;
				GCC_WARN_ABOUT_RETURN_TYPE = YES_ERROR;
				GCC_WARN_UNDECLARED_SELECTOR = YES;
				GCC_WARN_UNINITIALIZED_AUTOS = YES_AGGRESSIVE;
				GCC_WARN_UNUSED_FUNCTION = YES;
				GCC_WARN_UNUSED_VARIABLE = YES;
				IPHONEOS_DEPLOYMENT_TARGET = 16.4;
				LOCALIZATION_PREFERS_STRING_CATALOGS = YES;
				MTL_ENABLE_DEBUG_INFO = NO;
				MTL_FAST_MATH = YES;
				SDKROOT = iphoneos;
				SWIFT_COMPILATION_MODE = wholemodule;
				VALIDATE_PRODUCT = YES;
			};
			name = Release;
		};
		9F0994D02B0D9F0200FE2848 /* Debug */ = {
			isa = XCBuildConfiguration;
			buildSettings = {
				ASSETCATALOG_COMPILER_APPICON_NAME = AppIcon;
				ASSETCATALOG_COMPILER_GLOBAL_ACCENT_COLOR_NAME = AccentColor;
				CODE_SIGN_STYLE = Automatic;
				CURRENT_PROJECT_VERSION = 1;
				DEVELOPMENT_TEAM = MCPP5829E7;
				GENERATE_INFOPLIST_FILE = YES;
				INFOPLIST_FILE = "final pj/Info.plist";
				INFOPLIST_KEY_UIApplicationSupportsIndirectInputEvents = YES;
				INFOPLIST_KEY_UILaunchStoryboardName = LaunchScreen;
				INFOPLIST_KEY_UIMainStoryboardFile = Main;
				INFOPLIST_KEY_UISupportedInterfaceOrientations_iPad = "UIInterfaceOrientationPortrait UIInterfaceOrientationPortraitUpsideDown UIInterfaceOrientationLandscapeLeft UIInterfaceOrientationLandscapeRight";
				INFOPLIST_KEY_UISupportedInterfaceOrientations_iPhone = "UIInterfaceOrientationPortrait UIInterfaceOrientationLandscapeLeft UIInterfaceOrientationLandscapeRight";
				IPHONEOS_DEPLOYMENT_TARGET = 16.4;
				LD_RUNPATH_SEARCH_PATHS = (
					"$(inherited)",
					"@executable_path/Frameworks",
				);
				MARKETING_VERSION = 1.0;
				PRODUCT_BUNDLE_IDENTIFIER = "CS5520.group9.final-pj";
				PRODUCT_NAME = "$(TARGET_NAME)";
				SWIFT_EMIT_LOC_STRINGS = YES;
				SWIFT_VERSION = 5.0;
				TARGETED_DEVICE_FAMILY = "1,2";
			};
			name = Debug;
		};
		9F0994D12B0D9F0200FE2848 /* Release */ = {
			isa = XCBuildConfiguration;
			buildSettings = {
				ASSETCATALOG_COMPILER_APPICON_NAME = AppIcon;
				ASSETCATALOG_COMPILER_GLOBAL_ACCENT_COLOR_NAME = AccentColor;
				CODE_SIGN_STYLE = Automatic;
				CURRENT_PROJECT_VERSION = 1;
				DEVELOPMENT_TEAM = MCPP5829E7;
				GENERATE_INFOPLIST_FILE = YES;
				INFOPLIST_FILE = "final pj/Info.plist";
				INFOPLIST_KEY_UIApplicationSupportsIndirectInputEvents = YES;
				INFOPLIST_KEY_UILaunchStoryboardName = LaunchScreen;
				INFOPLIST_KEY_UIMainStoryboardFile = Main;
				INFOPLIST_KEY_UISupportedInterfaceOrientations_iPad = "UIInterfaceOrientationPortrait UIInterfaceOrientationPortraitUpsideDown UIInterfaceOrientationLandscapeLeft UIInterfaceOrientationLandscapeRight";
				INFOPLIST_KEY_UISupportedInterfaceOrientations_iPhone = "UIInterfaceOrientationPortrait UIInterfaceOrientationLandscapeLeft UIInterfaceOrientationLandscapeRight";
				IPHONEOS_DEPLOYMENT_TARGET = 16.4;
				LD_RUNPATH_SEARCH_PATHS = (
					"$(inherited)",
					"@executable_path/Frameworks",
				);
				MARKETING_VERSION = 1.0;
				PRODUCT_BUNDLE_IDENTIFIER = "CS5520.group9.final-pj";
				PRODUCT_NAME = "$(TARGET_NAME)";
				SWIFT_EMIT_LOC_STRINGS = YES;
				SWIFT_VERSION = 5.0;
				TARGETED_DEVICE_FAMILY = "1,2";
			};
			name = Release;
		};
		9F0994D32B0D9F0200FE2848 /* Debug */ = {
			isa = XCBuildConfiguration;
			buildSettings = {
				ALWAYS_EMBED_SWIFT_STANDARD_LIBRARIES = YES;
				BUNDLE_LOADER = "$(TEST_HOST)";
				CODE_SIGN_STYLE = Automatic;
				CURRENT_PROJECT_VERSION = 1;
				GENERATE_INFOPLIST_FILE = YES;
				IPHONEOS_DEPLOYMENT_TARGET = 17.0;
				MARKETING_VERSION = 1.0;
				PRODUCT_BUNDLE_IDENTIFIER = "ios.final-pjTests";
				PRODUCT_NAME = "$(TARGET_NAME)";
				SWIFT_EMIT_LOC_STRINGS = NO;
				SWIFT_VERSION = 5.0;
				TARGETED_DEVICE_FAMILY = "1,2";
				TEST_HOST = "$(BUILT_PRODUCTS_DIR)/final pj.app/$(BUNDLE_EXECUTABLE_FOLDER_PATH)/final pj";
			};
			name = Debug;
		};
		9F0994D42B0D9F0200FE2848 /* Release */ = {
			isa = XCBuildConfiguration;
			buildSettings = {
				ALWAYS_EMBED_SWIFT_STANDARD_LIBRARIES = YES;
				BUNDLE_LOADER = "$(TEST_HOST)";
				CODE_SIGN_STYLE = Automatic;
				CURRENT_PROJECT_VERSION = 1;
				GENERATE_INFOPLIST_FILE = YES;
				IPHONEOS_DEPLOYMENT_TARGET = 17.0;
				MARKETING_VERSION = 1.0;
				PRODUCT_BUNDLE_IDENTIFIER = "ios.final-pjTests";
				PRODUCT_NAME = "$(TARGET_NAME)";
				SWIFT_EMIT_LOC_STRINGS = NO;
				SWIFT_VERSION = 5.0;
				TARGETED_DEVICE_FAMILY = "1,2";
				TEST_HOST = "$(BUILT_PRODUCTS_DIR)/final pj.app/$(BUNDLE_EXECUTABLE_FOLDER_PATH)/final pj";
			};
			name = Release;
		};
		9F0994D62B0D9F0200FE2848 /* Debug */ = {
			isa = XCBuildConfiguration;
			buildSettings = {
				ALWAYS_EMBED_SWIFT_STANDARD_LIBRARIES = YES;
				CODE_SIGN_STYLE = Automatic;
				CURRENT_PROJECT_VERSION = 1;
				GENERATE_INFOPLIST_FILE = YES;
				MARKETING_VERSION = 1.0;
				PRODUCT_BUNDLE_IDENTIFIER = "ios.final-pjUITests";
				PRODUCT_NAME = "$(TARGET_NAME)";
				SWIFT_EMIT_LOC_STRINGS = NO;
				SWIFT_VERSION = 5.0;
				TARGETED_DEVICE_FAMILY = "1,2";
				TEST_TARGET_NAME = "final pj";
			};
			name = Debug;
		};
		9F0994D72B0D9F0200FE2848 /* Release */ = {
			isa = XCBuildConfiguration;
			buildSettings = {
				ALWAYS_EMBED_SWIFT_STANDARD_LIBRARIES = YES;
				CODE_SIGN_STYLE = Automatic;
				CURRENT_PROJECT_VERSION = 1;
				GENERATE_INFOPLIST_FILE = YES;
				MARKETING_VERSION = 1.0;
				PRODUCT_BUNDLE_IDENTIFIER = "ios.final-pjUITests";
				PRODUCT_NAME = "$(TARGET_NAME)";
				SWIFT_EMIT_LOC_STRINGS = NO;
				SWIFT_VERSION = 5.0;
				TARGETED_DEVICE_FAMILY = "1,2";
				TEST_TARGET_NAME = "final pj";
			};
			name = Release;
		};
/* End XCBuildConfiguration section */

/* Begin XCConfigurationList section */
		9F0994A02B0D9F0000FE2848 /* Build configuration list for PBXProject "final pj" */ = {
			isa = XCConfigurationList;
			buildConfigurations = (
				9F0994CD2B0D9F0200FE2848 /* Debug */,
				9F0994CE2B0D9F0200FE2848 /* Release */,
			);
			defaultConfigurationIsVisible = 0;
			defaultConfigurationName = Release;
		};
		9F0994CF2B0D9F0200FE2848 /* Build configuration list for PBXNativeTarget "final pj" */ = {
			isa = XCConfigurationList;
			buildConfigurations = (
				9F0994D02B0D9F0200FE2848 /* Debug */,
				9F0994D12B0D9F0200FE2848 /* Release */,
			);
			defaultConfigurationIsVisible = 0;
			defaultConfigurationName = Release;
		};
		9F0994D22B0D9F0200FE2848 /* Build configuration list for PBXNativeTarget "final pjTests" */ = {
			isa = XCConfigurationList;
			buildConfigurations = (
				9F0994D32B0D9F0200FE2848 /* Debug */,
				9F0994D42B0D9F0200FE2848 /* Release */,
			);
			defaultConfigurationIsVisible = 0;
			defaultConfigurationName = Release;
		};
		9F0994D52B0D9F0200FE2848 /* Build configuration list for PBXNativeTarget "final pjUITests" */ = {
			isa = XCConfigurationList;
			buildConfigurations = (
				9F0994D62B0D9F0200FE2848 /* Debug */,
				9F0994D72B0D9F0200FE2848 /* Release */,
			);
			defaultConfigurationIsVisible = 0;
			defaultConfigurationName = Release;
		};
/* End XCConfigurationList section */

/* Begin XCRemoteSwiftPackageReference section */
		2AFB9D402B0E8BDC00E5E7AB /* XCRemoteSwiftPackageReference "firebase-ios-sdk" */ = {
			isa = XCRemoteSwiftPackageReference;
			repositoryURL = "https://github.com/firebase/firebase-ios-sdk";
			requirement = {
				kind = upToNextMajorVersion;
				minimumVersion = 10.18.0;
			};
		};
/* End XCRemoteSwiftPackageReference section */

/* Begin XCSwiftPackageProductDependency section */
		2AFB9D412B0E8BDC00E5E7AB /* FirebaseAuth */ = {
			isa = XCSwiftPackageProductDependency;
			package = 2AFB9D402B0E8BDC00E5E7AB /* XCRemoteSwiftPackageReference "firebase-ios-sdk" */;
			productName = FirebaseAuth;
		};
		2AFB9D432B0E8BDC00E5E7AB /* FirebaseAuthCombine-Community */ = {
			isa = XCSwiftPackageProductDependency;
			package = 2AFB9D402B0E8BDC00E5E7AB /* XCRemoteSwiftPackageReference "firebase-ios-sdk" */;
			productName = "FirebaseAuthCombine-Community";
		};
		2AFB9D452B0E8BDC00E5E7AB /* FirebaseFirestore */ = {
			isa = XCSwiftPackageProductDependency;
			package = 2AFB9D402B0E8BDC00E5E7AB /* XCRemoteSwiftPackageReference "firebase-ios-sdk" */;
			productName = FirebaseFirestore;
		};
		2AFB9D472B0E8BDC00E5E7AB /* FirebaseFirestoreCombine-Community */ = {
			isa = XCSwiftPackageProductDependency;
			package = 2AFB9D402B0E8BDC00E5E7AB /* XCRemoteSwiftPackageReference "firebase-ios-sdk" */;
			productName = "FirebaseFirestoreCombine-Community";
		};
		2AFB9D492B0E8BDC00E5E7AB /* FirebaseFirestoreSwift */ = {
			isa = XCSwiftPackageProductDependency;
			package = 2AFB9D402B0E8BDC00E5E7AB /* XCRemoteSwiftPackageReference "firebase-ios-sdk" */;
			productName = FirebaseFirestoreSwift;
		};
		2AFB9D4B2B0E8BDC00E5E7AB /* FirebaseStorage */ = {
			isa = XCSwiftPackageProductDependency;
			package = 2AFB9D402B0E8BDC00E5E7AB /* XCRemoteSwiftPackageReference "firebase-ios-sdk" */;
			productName = FirebaseStorage;
		};
		2AFB9D4D2B0E8BDC00E5E7AB /* FirebaseStorageCombine-Community */ = {
			isa = XCSwiftPackageProductDependency;
			package = 2AFB9D402B0E8BDC00E5E7AB /* XCRemoteSwiftPackageReference "firebase-ios-sdk" */;
			productName = "FirebaseStorageCombine-Community";
		};
/* End XCSwiftPackageProductDependency section */
	};
	rootObject = 9F09949D2B0D9F0000FE2848 /* Project object */;
}
