// !$*UTF8*$!
{
	archiveVersion = 1;
	classes = {
	};
	objectVersion = 56;
	objects = {

/* Begin PBXBuildFile section */
		9F0994A92B0D9F0000FE2848 /* AppDelegate.swift in Sources */ = {isa = PBXBuildFile; fileRef = 9F0994A82B0D9F0000FE2848 /* AppDelegate.swift */; };
		9F0994AB2B0D9F0000FE2848 /* SceneDelegate.swift in Sources */ = {isa = PBXBuildFile; fileRef = 9F0994AA2B0D9F0000FE2848 /* SceneDelegate.swift */; };
		9F0994AD2B0D9F0000FE2848 /* ViewController.swift in Sources */ = {isa = PBXBuildFile; fileRef = 9F0994AC2B0D9F0000FE2848 /* ViewController.swift */; };
		9F0994B22B0D9F0100FE2848 /* Assets.xcassets in Resources */ = {isa = PBXBuildFile; fileRef = 9F0994B12B0D9F0100FE2848 /* Assets.xcassets */; };
		9F0994B52B0D9F0100FE2848 /* LaunchScreen.storyboard in Resources */ = {isa = PBXBuildFile; fileRef = 9F0994B32B0D9F0100FE2848 /* LaunchScreen.storyboard */; };
		9F0994C02B0D9F0200FE2848 /* final_pjTests.swift in Sources */ = {isa = PBXBuildFile; fileRef = 9F0994BF2B0D9F0200FE2848 /* final_pjTests.swift */; };
		9F0994CA2B0D9F0200FE2848 /* final_pjUITests.swift in Sources */ = {isa = PBXBuildFile; fileRef = 9F0994C92B0D9F0200FE2848 /* final_pjUITests.swift */; };
		9F0994CC2B0D9F0200FE2848 /* final_pjUITestsLaunchTests.swift in Sources */ = {isa = PBXBuildFile; fileRef = 9F0994CB2B0D9F0200FE2848 /* final_pjUITestsLaunchTests.swift */; };
		9F0994DA2B0D9F5200FE2848 /* LoginScreenView.swift in Sources */ = {isa = PBXBuildFile; fileRef = 9F0994D92B0D9F5200FE2848 /* LoginScreenView.swift */; };
		9F0994DD2B0DD49500FE2848 /* SignUpScreenView.swift in Sources */ = {isa = PBXBuildFile; fileRef = 9F0994DC2B0DD49500FE2848 /* SignUpScreenView.swift */; };
		9F0994DF2B0DD4AC00FE2848 /* SignUpScreenViewController.swift in Sources */ = {isa = PBXBuildFile; fileRef = 9F0994DE2B0DD4AC00FE2848 /* SignUpScreenViewController.swift */; };
		9F0994F52B0DDDCC00FE2848 /* Main.storyboard in Resources */ = {isa = PBXBuildFile; fileRef = 9F0994F32B0DDDCC00FE2848 /* Main.storyboard */; };
/* End PBXBuildFile section */

/* Begin PBXContainerItemProxy section */
		9F0994BC2B0D9F0200FE2848 /* PBXContainerItemProxy */ = {
			isa = PBXContainerItemProxy;
			containerPortal = 9F09949D2B0D9F0000FE2848 /* Project object */;
			proxyType = 1;
			remoteGlobalIDString = 9F0994A42B0D9F0000FE2848;
			remoteInfo = "final pj";
		};
		9F0994C62B0D9F0200FE2848 /* PBXContainerItemProxy */ = {
			isa = PBXContainerItemProxy;
			containerPortal = 9F09949D2B0D9F0000FE2848 /* Project object */;
			proxyType = 1;
			remoteGlobalIDString = 9F0994A42B0D9F0000FE2848;
			remoteInfo = "final pj";
		};
/* End PBXContainerItemProxy section */

/* Begin PBXFileReference section */
		9F0994A52B0D9F0000FE2848 /* final pj.app */ = {isa = PBXFileReference; explicitFileType = wrapper.application; includeInIndex = 0; path = "final pj.app"; sourceTree = BUILT_PRODUCTS_DIR; };
		9F0994A82B0D9F0000FE2848 /* AppDelegate.swift */ = {isa = PBXFileReference; lastKnownFileType = sourcecode.swift; path = AppDelegate.swift; sourceTree = "<group>"; };
		9F0994AA2B0D9F0000FE2848 /* SceneDelegate.swift */ = {isa = PBXFileReference; lastKnownFileType = sourcecode.swift; path = SceneDelegate.swift; sourceTree = "<group>"; };
		9F0994AC2B0D9F0000FE2848 /* ViewController.swift */ = {isa = PBXFileReference; lastKnownFileType = sourcecode.swift; path = ViewController.swift; sourceTree = "<group>"; };
		9F0994B12B0D9F0100FE2848 /* Assets.xcassets */ = {isa = PBXFileReference; lastKnownFileType = folder.assetcatalog; path = Assets.xcassets; sourceTree = "<group>"; };
		9F0994B42B0D9F0100FE2848 /* Base */ = {isa = PBXFileReference; lastKnownFileType = file.storyboard; name = Base; path = Base.lproj/LaunchScreen.storyboard; sourceTree = "<group>"; };
		9F0994B62B0D9F0100FE2848 /* Info.plist */ = {isa = PBXFileReference; lastKnownFileType = text.plist.xml; path = Info.plist; sourceTree = "<group>"; };
		9F0994BB2B0D9F0200FE2848 /* final pjTests.xctest */ = {isa = PBXFileReference; explicitFileType = wrapper.cfbundle; includeInIndex = 0; path = "final pjTests.xctest"; sourceTree = BUILT_PRODUCTS_DIR; };
		9F0994BF2B0D9F0200FE2848 /* final_pjTests.swift */ = {isa = PBXFileReference; lastKnownFileType = sourcecode.swift; path = final_pjTests.swift; sourceTree = "<group>"; };
		9F0994C52B0D9F0200FE2848 /* final pjUITests.xctest */ = {isa = PBXFileReference; explicitFileType = wrapper.cfbundle; includeInIndex = 0; path = "final pjUITests.xctest"; sourceTree = BUILT_PRODUCTS_DIR; };
		9F0994C92B0D9F0200FE2848 /* final_pjUITests.swift */ = {isa = PBXFileReference; lastKnownFileType = sourcecode.swift; path = final_pjUITests.swift; sourceTree = "<group>"; };
		9F0994CB2B0D9F0200FE2848 /* final_pjUITestsLaunchTests.swift */ = {isa = PBXFileReference; lastKnownFileType = sourcecode.swift; path = final_pjUITestsLaunchTests.swift; sourceTree = "<group>"; };
		9F0994D92B0D9F5200FE2848 /* LoginScreenView.swift */ = {isa = PBXFileReference; lastKnownFileType = sourcecode.swift; path = LoginScreenView.swift; sourceTree = "<group>"; };
		9F0994DC2B0DD49500FE2848 /* SignUpScreenView.swift */ = {isa = PBXFileReference; lastKnownFileType = sourcecode.swift; path = SignUpScreenView.swift; sourceTree = "<group>"; };
		9F0994DE2B0DD4AC00FE2848 /* SignUpScreenViewController.swift */ = {isa = PBXFileReference; lastKnownFileType = sourcecode.swift; path = SignUpScreenViewController.swift; sourceTree = "<group>"; };
		9F0994F42B0DDDCC00FE2848 /* Base */ = {isa = PBXFileReference; lastKnownFileType = file.storyboard; name = Base; path = "../../WA3_<LU>_<8157>/WA3_<LU>_<8157>/Base.lproj/Main.storyboard"; sourceTree = "<group>"; };
/* End PBXFileReference section */

/* Begin PBXFrameworksBuildPhase section */
		9F0994A22B0D9F0000FE2848 /* Frameworks */ = {
			isa = PBXFrameworksBuildPhase;
			buildActionMask = 2147483647;
			files = (
			);
			runOnlyForDeploymentPostprocessing = 0;
		};
		9F0994B82B0D9F0200FE2848 /* Frameworks */ = {
			isa = PBXFrameworksBuildPhase;
			buildActionMask = 2147483647;
			files = (
			);
			runOnlyForDeploymentPostprocessing = 0;
		};
		9F0994C22B0D9F0200FE2848 /* Frameworks */ = {
			isa = PBXFrameworksBuildPhase;
			buildActionMask = 2147483647;
			files = (
			);
			runOnlyForDeploymentPostprocessing = 0;
		};
/* End PBXFrameworksBuildPhase section */

/* Begin PBXGroup section */
		9F09949C2B0D9F0000FE2848 = {
			isa = PBXGroup;
			children = (
				9F0994DB2B0DA29A00FE2848 /* SignUpScreen */,
				9F0994D82B0D9F1400FE2848 /* LoginScreen */,
				9F0994A72B0D9F0000FE2848 /* final pj */,
				9F0994BE2B0D9F0200FE2848 /* final pjTests */,
				9F0994C82B0D9F0200FE2848 /* final pjUITests */,
				9F0994A62B0D9F0000FE2848 /* Products */,
			);
			sourceTree = "<group>";
		};
		9F0994A62B0D9F0000FE2848 /* Products */ = {
			isa = PBXGroup;
			children = (
				9F0994A52B0D9F0000FE2848 /* final pj.app */,
				9F0994BB2B0D9F0200FE2848 /* final pjTests.xctest */,
				9F0994C52B0D9F0200FE2848 /* final pjUITests.xctest */,
			);
			name = Products;
			sourceTree = "<group>";
		};
		9F0994A72B0D9F0000FE2848 /* final pj */ = {
			isa = PBXGroup;
			children = (
				9F0994AA2B0D9F0000FE2848 /* SceneDelegate.swift */,
				9F0994A82B0D9F0000FE2848 /* AppDelegate.swift */,
				9F0994B12B0D9F0100FE2848 /* Assets.xcassets */,
				9F0994B32B0D9F0100FE2848 /* LaunchScreen.storyboard */,
				9F0994F32B0DDDCC00FE2848 /* Main.storyboard */,
				9F0994B62B0D9F0100FE2848 /* Info.plist */,
			);
			path = "final pj";
			sourceTree = "<group>";
		};
		9F0994BE2B0D9F0200FE2848 /* final pjTests */ = {
			isa = PBXGroup;
			children = (
				9F0994BF2B0D9F0200FE2848 /* final_pjTests.swift */,
			);
			path = "final pjTests";
			sourceTree = "<group>";
		};
		9F0994C82B0D9F0200FE2848 /* final pjUITests */ = {
			isa = PBXGroup;
			children = (
				9F0994C92B0D9F0200FE2848 /* final_pjUITests.swift */,
				9F0994CB2B0D9F0200FE2848 /* final_pjUITestsLaunchTests.swift */,
			);
			path = "final pjUITests";
			sourceTree = "<group>";
		};
		9F0994D82B0D9F1400FE2848 /* LoginScreen */ = {
			isa = PBXGroup;
			children = (
				9F0994AC2B0D9F0000FE2848 /* ViewController.swift */,
				9F0994D92B0D9F5200FE2848 /* LoginScreenView.swift */,
			);
			path = LoginScreen;
			sourceTree = "<group>";
		};
		9F0994DB2B0DA29A00FE2848 /* SignUpScreen */ = {
			isa = PBXGroup;
			children = (
				9F0994DC2B0DD49500FE2848 /* SignUpScreenView.swift */,
				9F0994DE2B0DD4AC00FE2848 /* SignUpScreenViewController.swift */,
			);
			path = SignUpScreen;
			sourceTree = "<group>";
		};
/* End PBXGroup section */

/* Begin PBXNativeTarget section */
		9F0994A42B0D9F0000FE2848 /* final pj */ = {
			isa = PBXNativeTarget;
			buildConfigurationList = 9F0994CF2B0D9F0200FE2848 /* Build configuration list for PBXNativeTarget "final pj" */;
			buildPhases = (
				9F0994A12B0D9F0000FE2848 /* Sources */,
				9F0994A22B0D9F0000FE2848 /* Frameworks */,
				9F0994A32B0D9F0000FE2848 /* Resources */,
			);
			buildRules = (
			);
			dependencies = (
			);
			name = "final pj";
			productName = "final pj";
			productReference = 9F0994A52B0D9F0000FE2848 /* final pj.app */;
			productType = "com.apple.product-type.application";
		};
		9F0994BA2B0D9F0200FE2848 /* final pjTests */ = {
			isa = PBXNativeTarget;
			buildConfigurationList = 9F0994D22B0D9F0200FE2848 /* Build configuration list for PBXNativeTarget "final pjTests" */;
			buildPhases = (
				9F0994B72B0D9F0200FE2848 /* Sources */,
				9F0994B82B0D9F0200FE2848 /* Frameworks */,
				9F0994B92B0D9F0200FE2848 /* Resources */,
			);
			buildRules = (
			);
			dependencies = (
				9F0994BD2B0D9F0200FE2848 /* PBXTargetDependency */,
			);
			name = "final pjTests";
			productName = "final pjTests";
			productReference = 9F0994BB2B0D9F0200FE2848 /* final pjTests.xctest */;
			productType = "com.apple.product-type.bundle.unit-test";
		};
		9F0994C42B0D9F0200FE2848 /* final pjUITests */ = {
			isa = PBXNativeTarget;
			buildConfigurationList = 9F0994D52B0D9F0200FE2848 /* Build configuration list for PBXNativeTarget "final pjUITests" */;
			buildPhases = (
				9F0994C12B0D9F0200FE2848 /* Sources */,
				9F0994C22B0D9F0200FE2848 /* Frameworks */,
				9F0994C32B0D9F0200FE2848 /* Resources */,
			);
			buildRules = (
			);
			dependencies = (
				9F0994C72B0D9F0200FE2848 /* PBXTargetDependency */,
			);
			name = "final pjUITests";
			productName = "final pjUITests";
			productReference = 9F0994C52B0D9F0200FE2848 /* final pjUITests.xctest */;
			productType = "com.apple.product-type.bundle.ui-testing";
		};
/* End PBXNativeTarget section */

/* Begin PBXProject section */
		9F09949D2B0D9F0000FE2848 /* Project object */ = {
			isa = PBXProject;
			attributes = {
				BuildIndependentTargetsInParallel = 1;
				LastSwiftUpdateCheck = 1500;
				LastUpgradeCheck = 1500;
				TargetAttributes = {
					9F0994A42B0D9F0000FE2848 = {
						CreatedOnToolsVersion = 15.0;
					};
					9F0994BA2B0D9F0200FE2848 = {
						CreatedOnToolsVersion = 15.0;
						TestTargetID = 9F0994A42B0D9F0000FE2848;
					};
					9F0994C42B0D9F0200FE2848 = {
						CreatedOnToolsVersion = 15.0;
						TestTargetID = 9F0994A42B0D9F0000FE2848;
					};
				};
			};
			buildConfigurationList = 9F0994A02B0D9F0000FE2848 /* Build configuration list for PBXProject "final pj" */;
			compatibilityVersion = "Xcode 14.0";
			developmentRegion = en;
			hasScannedForEncodings = 0;
			knownRegions = (
				en,
				Base,
			);
			mainGroup = 9F09949C2B0D9F0000FE2848;
			productRefGroup = 9F0994A62B0D9F0000FE2848 /* Products */;
			projectDirPath = "";
			projectRoot = "";
			targets = (
				9F0994A42B0D9F0000FE2848 /* final pj */,
				9F0994BA2B0D9F0200FE2848 /* final pjTests */,
				9F0994C42B0D9F0200FE2848 /* final pjUITests */,
			);
		};
/* End PBXProject section */

/* Begin PBXResourcesBuildPhase section */
		9F0994A32B0D9F0000FE2848 /* Resources */ = {
			isa = PBXResourcesBuildPhase;
			buildActionMask = 2147483647;
			files = (
				9F0994B52B0D9F0100FE2848 /* LaunchScreen.storyboard in Resources */,
				9F0994B22B0D9F0100FE2848 /* Assets.xcassets in Resources */,
				9F0994F52B0DDDCC00FE2848 /* Main.storyboard in Resources */,
			);
			runOnlyForDeploymentPostprocessing = 0;
		};
		9F0994B92B0D9F0200FE2848 /* Resources */ = {
			isa = PBXResourcesBuildPhase;
			buildActionMask = 2147483647;
			files = (
			);
			runOnlyForDeploymentPostprocessing = 0;
		};
		9F0994C32B0D9F0200FE2848 /* Resources */ = {
			isa = PBXResourcesBuildPhase;
			buildActionMask = 2147483647;
			files = (
			);
			runOnlyForDeploymentPostprocessing = 0;
		};
/* End PBXResourcesBuildPhase section */

/* Begin PBXSourcesBuildPhase section */
		9F0994A12B0D9F0000FE2848 /* Sources */ = {
			isa = PBXSourcesBuildPhase;
			buildActionMask = 2147483647;
			files = (
				9F0994DA2B0D9F5200FE2848 /* LoginScreenView.swift in Sources */,
				9F0994AD2B0D9F0000FE2848 /* ViewController.swift in Sources */,
				9F0994A92B0D9F0000FE2848 /* AppDelegate.swift in Sources */,
				9F0994DD2B0DD49500FE2848 /* SignUpScreenView.swift in Sources */,
				9F0994DF2B0DD4AC00FE2848 /* SignUpScreenViewController.swift in Sources */,
				9F0994AB2B0D9F0000FE2848 /* SceneDelegate.swift in Sources */,
			);
			runOnlyForDeploymentPostprocessing = 0;
		};
		9F0994B72B0D9F0200FE2848 /* Sources */ = {
			isa = PBXSourcesBuildPhase;
			buildActionMask = 2147483647;
			files = (
				9F0994C02B0D9F0200FE2848 /* final_pjTests.swift in Sources */,
			);
			runOnlyForDeploymentPostprocessing = 0;
		};
		9F0994C12B0D9F0200FE2848 /* Sources */ = {
			isa = PBXSourcesBuildPhase;
			buildActionMask = 2147483647;
			files = (
				9F0994CC2B0D9F0200FE2848 /* final_pjUITestsLaunchTests.swift in Sources */,
				9F0994CA2B0D9F0200FE2848 /* final_pjUITests.swift in Sources */,
			);
			runOnlyForDeploymentPostprocessing = 0;
		};
/* End PBXSourcesBuildPhase section */

/* Begin PBXTargetDependency section */
		9F0994BD2B0D9F0200FE2848 /* PBXTargetDependency */ = {
			isa = PBXTargetDependency;
			target = 9F0994A42B0D9F0000FE2848 /* final pj */;
			targetProxy = 9F0994BC2B0D9F0200FE2848 /* PBXContainerItemProxy */;
		};
		9F0994C72B0D9F0200FE2848 /* PBXTargetDependency */ = {
			isa = PBXTargetDependency;
			target = 9F0994A42B0D9F0000FE2848 /* final pj */;
			targetProxy = 9F0994C62B0D9F0200FE2848 /* PBXContainerItemProxy */;
		};
/* End PBXTargetDependency section */

/* Begin PBXVariantGroup section */
		9F0994B32B0D9F0100FE2848 /* LaunchScreen.storyboard */ = {
			isa = PBXVariantGroup;
			children = (
				9F0994B42B0D9F0100FE2848 /* Base */,
			);
			name = LaunchScreen.storyboard;
			sourceTree = "<group>";
		};
		9F0994F32B0DDDCC00FE2848 /* Main.storyboard */ = {
			isa = PBXVariantGroup;
			children = (
				9F0994F42B0DDDCC00FE2848 /* Base */,
			);
			name = Main.storyboard;
			sourceTree = "<group>";
		};
/* End PBXVariantGroup section */

/* Begin XCBuildConfiguration section */
		9F0994CD2B0D9F0200FE2848 /* Debug */ = {
			isa = XCBuildConfiguration;
			buildSettings = {
				ALWAYS_SEARCH_USER_PATHS = NO;
				ASSETCATALOG_COMPILER_GENERATE_SWIFT_ASSET_SYMBOL_EXTENSIONS = YES;
				CLANG_ANALYZER_NONNULL = YES;
				CLANG_ANALYZER_NUMBER_OBJECT_CONVERSION = YES_AGGRESSIVE;
				CLANG_CXX_LANGUAGE_STANDARD = "gnu++20";
				CLANG_ENABLE_MODULES = YES;
				CLANG_ENABLE_OBJC_ARC = YES;
				CLANG_ENABLE_OBJC_WEAK = YES;
				CLANG_WARN_BLOCK_CAPTURE_AUTORELEASING = YES;
				CLANG_WARN_BOOL_CONVERSION = YES;
				CLANG_WARN_COMMA = YES;
				CLANG_WARN_CONSTANT_CONVERSION = YES;
				CLANG_WARN_DEPRECATED_OBJC_IMPLEMENTATIONS = YES;
				CLANG_WARN_DIRECT_OBJC_ISA_USAGE = YES_ERROR;
				CLANG_WARN_DOCUMENTATION_COMMENTS = YES;
				CLANG_WARN_EMPTY_BODY = YES;
				CLANG_WARN_ENUM_CONVERSION = YES;
				CLANG_WARN_INFINITE_RECURSION = YES;
				CLANG_WARN_INT_CONVERSION = YES;
				CLANG_WARN_NON_LITERAL_NULL_CONVERSION = YES;
				CLANG_WARN_OBJC_IMPLICIT_RETAIN_SELF = YES;
				CLANG_WARN_OBJC_LITERAL_CONVERSION = YES;
				CLANG_WARN_OBJC_ROOT_CLASS = YES_ERROR;
				CLANG_WARN_QUOTED_INCLUDE_IN_FRAMEWORK_HEADER = YES;
				CLANG_WARN_RANGE_LOOP_ANALYSIS = YES;
				CLANG_WARN_STRICT_PROTOTYPES = YES;
				CLANG_WARN_SUSPICIOUS_MOVE = YES;
				CLANG_WARN_UNGUARDED_AVAILABILITY = YES_AGGRESSIVE;
				CLANG_WARN_UNREACHABLE_CODE = YES;
				CLANG_WARN__DUPLICATE_METHOD_MATCH = YES;
				COPY_PHASE_STRIP = NO;
				DEBUG_INFORMATION_FORMAT = dwarf;
				ENABLE_STRICT_OBJC_MSGSEND = YES;
				ENABLE_TESTABILITY = YES;
				ENABLE_USER_SCRIPT_SANDBOXING = YES;
				GCC_C_LANGUAGE_STANDARD = gnu17;
				GCC_DYNAMIC_NO_PIC = NO;
				GCC_NO_COMMON_BLOCKS = YES;
				GCC_OPTIMIZATION_LEVEL = 0;
				GCC_PREPROCESSOR_DEFINITIONS = (
					"DEBUG=1",
					"$(inherited)",
				);
				GCC_WARN_64_TO_32_BIT_CONVERSION = YES;
				GCC_WARN_ABOUT_RETURN_TYPE = YES_ERROR;
				GCC_WARN_UNDECLARED_SELECTOR = YES;
				GCC_WARN_UNINITIALIZED_AUTOS = YES_AGGRESSIVE;
				GCC_WARN_UNUSED_FUNCTION = YES;
				GCC_WARN_UNUSED_VARIABLE = YES;
				IPHONEOS_DEPLOYMENT_TARGET = 17.0;
				LOCALIZATION_PREFERS_STRING_CATALOGS = YES;
				MTL_ENABLE_DEBUG_INFO = INCLUDE_SOURCE;
				MTL_FAST_MATH = YES;
				ONLY_ACTIVE_ARCH = YES;
				SDKROOT = iphoneos;
				SWIFT_ACTIVE_COMPILATION_CONDITIONS = "DEBUG $(inherited)";
				SWIFT_OPTIMIZATION_LEVEL = "-Onone";
			};
			name = Debug;
		};
		9F0994CE2B0D9F0200FE2848 /* Release */ = {
			isa = XCBuildConfiguration;
			buildSettings = {
				ALWAYS_SEARCH_USER_PATHS = NO;
				ASSETCATALOG_COMPILER_GENERATE_SWIFT_ASSET_SYMBOL_EXTENSIONS = YES;
				CLANG_ANALYZER_NONNULL = YES;
				CLANG_ANALYZER_NUMBER_OBJECT_CONVERSION = YES_AGGRESSIVE;
				CLANG_CXX_LANGUAGE_STANDARD = "gnu++20";
				CLANG_ENABLE_MODULES = YES;
				CLANG_ENABLE_OBJC_ARC = YES;
				CLANG_ENABLE_OBJC_WEAK = YES;
				CLANG_WARN_BLOCK_CAPTURE_AUTORELEASING = YES;
				CLANG_WARN_BOOL_CONVERSION = YES;
				CLANG_WARN_COMMA = YES;
				CLANG_WARN_CONSTANT_CONVERSION = YES;
				CLANG_WARN_DEPRECATED_OBJC_IMPLEMENTATIONS = YES;
				CLANG_WARN_DIRECT_OBJC_ISA_USAGE = YES_ERROR;
				CLANG_WARN_DOCUMENTATION_COMMENTS = YES;
				CLANG_WARN_EMPTY_BODY = YES;
				CLANG_WARN_ENUM_CONVERSION = YES;
				CLANG_WARN_INFINITE_RECURSION = YES;
				CLANG_WARN_INT_CONVERSION = YES;
				CLANG_WARN_NON_LITERAL_NULL_CONVERSION = YES;
				CLANG_WARN_OBJC_IMPLICIT_RETAIN_SELF = YES;
				CLANG_WARN_OBJC_LITERAL_CONVERSION = YES;
				CLANG_WARN_OBJC_ROOT_CLASS = YES_ERROR;
				CLANG_WARN_QUOTED_INCLUDE_IN_FRAMEWORK_HEADER = YES;
				CLANG_WARN_RANGE_LOOP_ANALYSIS = YES;
				CLANG_WARN_STRICT_PROTOTYPES = YES;
				CLANG_WARN_SUSPICIOUS_MOVE = YES;
				CLANG_WARN_UNGUARDED_AVAILABILITY = YES_AGGRESSIVE;
				CLANG_WARN_UNREACHABLE_CODE = YES;
				CLANG_WARN__DUPLICATE_METHOD_MATCH = YES;
				COPY_PHASE_STRIP = NO;
				DEBUG_INFORMATION_FORMAT = "dwarf-with-dsym";
				ENABLE_NS_ASSERTIONS = NO;
				ENABLE_STRICT_OBJC_MSGSEND = YES;
				ENABLE_USER_SCRIPT_SANDBOXING = YES;
				GCC_C_LANGUAGE_STANDARD = gnu17;
				GCC_NO_COMMON_BLOCKS = YES;
				GCC_WARN_64_TO_32_BIT_CONVERSION = YES;
				GCC_WARN_ABOUT_RETURN_TYPE = YES_ERROR;
				GCC_WARN_UNDECLARED_SELECTOR = YES;
				GCC_WARN_UNINITIALIZED_AUTOS = YES_AGGRESSIVE;
				GCC_WARN_UNUSED_FUNCTION = YES;
				GCC_WARN_UNUSED_VARIABLE = YES;
				IPHONEOS_DEPLOYMENT_TARGET = 17.0;
				LOCALIZATION_PREFERS_STRING_CATALOGS = YES;
				MTL_ENABLE_DEBUG_INFO = NO;
				MTL_FAST_MATH = YES;
				SDKROOT = iphoneos;
				SWIFT_COMPILATION_MODE = wholemodule;
				VALIDATE_PRODUCT = YES;
			};
			name = Release;
		};
		9F0994D02B0D9F0200FE2848 /* Debug */ = {
			isa = XCBuildConfiguration;
			buildSettings = {
				ASSETCATALOG_COMPILER_APPICON_NAME = AppIcon;
				ASSETCATALOG_COMPILER_GLOBAL_ACCENT_COLOR_NAME = AccentColor;
				CODE_SIGN_STYLE = Automatic;
				CURRENT_PROJECT_VERSION = 1;
				GENERATE_INFOPLIST_FILE = YES;
				INFOPLIST_FILE = "final pj/Info.plist";
				INFOPLIST_KEY_UIApplicationSupportsIndirectInputEvents = YES;
				INFOPLIST_KEY_UILaunchStoryboardName = LaunchScreen;
				INFOPLIST_KEY_UIMainStoryboardFile = Main;
				INFOPLIST_KEY_UISupportedInterfaceOrientations_iPad = "UIInterfaceOrientationPortrait UIInterfaceOrientationPortraitUpsideDown UIInterfaceOrientationLandscapeLeft UIInterfaceOrientationLandscapeRight";
				INFOPLIST_KEY_UISupportedInterfaceOrientations_iPhone = "UIInterfaceOrientationPortrait UIInterfaceOrientationLandscapeLeft UIInterfaceOrientationLandscapeRight";
				LD_RUNPATH_SEARCH_PATHS = (
					"$(inherited)",
					"@executable_path/Frameworks",
				);
				MARKETING_VERSION = 1.0;
				PRODUCT_BUNDLE_IDENTIFIER = "ios.final-pj";
				PRODUCT_NAME = "$(TARGET_NAME)";
				SWIFT_EMIT_LOC_STRINGS = YES;
				SWIFT_VERSION = 5.0;
				TARGETED_DEVICE_FAMILY = "1,2";
			};
			name = Debug;
		};
		9F0994D12B0D9F0200FE2848 /* Release */ = {
			isa = XCBuildConfiguration;
			buildSettings = {
				ASSETCATALOG_COMPILER_APPICON_NAME = AppIcon;
				ASSETCATALOG_COMPILER_GLOBAL_ACCENT_COLOR_NAME = AccentColor;
				CODE_SIGN_STYLE = Automatic;
				CURRENT_PROJECT_VERSION = 1;
				GENERATE_INFOPLIST_FILE = YES;
				INFOPLIST_FILE = "final pj/Info.plist";
				INFOPLIST_KEY_UIApplicationSupportsIndirectInputEvents = YES;
				INFOPLIST_KEY_UILaunchStoryboardName = LaunchScreen;
				INFOPLIST_KEY_UIMainStoryboardFile = Main;
				INFOPLIST_KEY_UISupportedInterfaceOrientations_iPad = "UIInterfaceOrientationPortrait UIInterfaceOrientationPortraitUpsideDown UIInterfaceOrientationLandscapeLeft UIInterfaceOrientationLandscapeRight";
				INFOPLIST_KEY_UISupportedInterfaceOrientations_iPhone = "UIInterfaceOrientationPortrait UIInterfaceOrientationLandscapeLeft UIInterfaceOrientationLandscapeRight";
				LD_RUNPATH_SEARCH_PATHS = (
					"$(inherited)",
					"@executable_path/Frameworks",
				);
				MARKETING_VERSION = 1.0;
				PRODUCT_BUNDLE_IDENTIFIER = "ios.final-pj";
				PRODUCT_NAME = "$(TARGET_NAME)";
				SWIFT_EMIT_LOC_STRINGS = YES;
				SWIFT_VERSION = 5.0;
				TARGETED_DEVICE_FAMILY = "1,2";
			};
			name = Release;
		};
		9F0994D32B0D9F0200FE2848 /* Debug */ = {
			isa = XCBuildConfiguration;
			buildSettings = {
				ALWAYS_EMBED_SWIFT_STANDARD_LIBRARIES = YES;
				BUNDLE_LOADER = "$(TEST_HOST)";
				CODE_SIGN_STYLE = Automatic;
				CURRENT_PROJECT_VERSION = 1;
				GENERATE_INFOPLIST_FILE = YES;
				IPHONEOS_DEPLOYMENT_TARGET = 17.0;
				MARKETING_VERSION = 1.0;
				PRODUCT_BUNDLE_IDENTIFIER = "ios.final-pjTests";
				PRODUCT_NAME = "$(TARGET_NAME)";
				SWIFT_EMIT_LOC_STRINGS = NO;
				SWIFT_VERSION = 5.0;
				TARGETED_DEVICE_FAMILY = "1,2";
				TEST_HOST = "$(BUILT_PRODUCTS_DIR)/final pj.app/$(BUNDLE_EXECUTABLE_FOLDER_PATH)/final pj";
			};
			name = Debug;
		};
		9F0994D42B0D9F0200FE2848 /* Release */ = {
			isa = XCBuildConfiguration;
			buildSettings = {
				ALWAYS_EMBED_SWIFT_STANDARD_LIBRARIES = YES;
				BUNDLE_LOADER = "$(TEST_HOST)";
				CODE_SIGN_STYLE = Automatic;
				CURRENT_PROJECT_VERSION = 1;
				GENERATE_INFOPLIST_FILE = YES;
				IPHONEOS_DEPLOYMENT_TARGET = 17.0;
				MARKETING_VERSION = 1.0;
				PRODUCT_BUNDLE_IDENTIFIER = "ios.final-pjTests";
				PRODUCT_NAME = "$(TARGET_NAME)";
				SWIFT_EMIT_LOC_STRINGS = NO;
				SWIFT_VERSION = 5.0;
				TARGETED_DEVICE_FAMILY = "1,2";
				TEST_HOST = "$(BUILT_PRODUCTS_DIR)/final pj.app/$(BUNDLE_EXECUTABLE_FOLDER_PATH)/final pj";
			};
			name = Release;
		};
		9F0994D62B0D9F0200FE2848 /* Debug */ = {
			isa = XCBuildConfiguration;
			buildSettings = {
				ALWAYS_EMBED_SWIFT_STANDARD_LIBRARIES = YES;
				CODE_SIGN_STYLE = Automatic;
				CURRENT_PROJECT_VERSION = 1;
				GENERATE_INFOPLIST_FILE = YES;
				MARKETING_VERSION = 1.0;
				PRODUCT_BUNDLE_IDENTIFIER = "ios.final-pjUITests";
				PRODUCT_NAME = "$(TARGET_NAME)";
				SWIFT_EMIT_LOC_STRINGS = NO;
				SWIFT_VERSION = 5.0;
				TARGETED_DEVICE_FAMILY = "1,2";
				TEST_TARGET_NAME = "final pj";
			};
			name = Debug;
		};
		9F0994D72B0D9F0200FE2848 /* Release */ = {
			isa = XCBuildConfiguration;
			buildSettings = {
				ALWAYS_EMBED_SWIFT_STANDARD_LIBRARIES = YES;
				CODE_SIGN_STYLE = Automatic;
				CURRENT_PROJECT_VERSION = 1;
				GENERATE_INFOPLIST_FILE = YES;
				MARKETING_VERSION = 1.0;
				PRODUCT_BUNDLE_IDENTIFIER = "ios.final-pjUITests";
				PRODUCT_NAME = "$(TARGET_NAME)";
				SWIFT_EMIT_LOC_STRINGS = NO;
				SWIFT_VERSION = 5.0;
				TARGETED_DEVICE_FAMILY = "1,2";
				TEST_TARGET_NAME = "final pj";
			};
			name = Release;
		};
/* End XCBuildConfiguration section */

/* Begin XCConfigurationList section */
		9F0994A02B0D9F0000FE2848 /* Build configuration list for PBXProject "final pj" */ = {
			isa = XCConfigurationList;
			buildConfigurations = (
				9F0994CD2B0D9F0200FE2848 /* Debug */,
				9F0994CE2B0D9F0200FE2848 /* Release */,
			);
			defaultConfigurationIsVisible = 0;
			defaultConfigurationName = Release;
		};
		9F0994CF2B0D9F0200FE2848 /* Build configuration list for PBXNativeTarget "final pj" */ = {
			isa = XCConfigurationList;
			buildConfigurations = (
				9F0994D02B0D9F0200FE2848 /* Debug */,
				9F0994D12B0D9F0200FE2848 /* Release */,
			);
			defaultConfigurationIsVisible = 0;
			defaultConfigurationName = Release;
		};
		9F0994D22B0D9F0200FE2848 /* Build configuration list for PBXNativeTarget "final pjTests" */ = {
			isa = XCConfigurationList;
			buildConfigurations = (
				9F0994D32B0D9F0200FE2848 /* Debug */,
				9F0994D42B0D9F0200FE2848 /* Release */,
			);
			defaultConfigurationIsVisible = 0;
			defaultConfigurationName = Release;
		};
		9F0994D52B0D9F0200FE2848 /* Build configuration list for PBXNativeTarget "final pjUITests" */ = {
			isa = XCConfigurationList;
			buildConfigurations = (
				9F0994D62B0D9F0200FE2848 /* Debug */,
				9F0994D72B0D9F0200FE2848 /* Release */,
			);
			defaultConfigurationIsVisible = 0;
			defaultConfigurationName = Release;
		};
/* End XCConfigurationList section */
	};
	rootObject = 9F09949D2B0D9F0000FE2848 /* Project object */;
}
